# This file is automatically @generated by Poetry and should not be changed by hand.

[[package]]
name = "structlog"
version = "22.3.0"
description = "Structured Logging for Python"
category = "main"
optional = false
python-versions = ">=3.7"
files = [
    {file = "structlog-22.3.0-py3-none-any.whl", hash = "sha256:b403f344f902b220648fa9f286a23c0cc5439a5844d271fec40562dbadbc70ad"},
    {file = "structlog-22.3.0.tar.gz", hash = "sha256:e7509391f215e4afb88b1b80fa3ea074be57a5a17d794bd436a5c949da023333"},
]

[package.extras]
dev = ["structlog[docs,tests,typing]"]
docs = ["furo", "myst-parser", "sphinx", "sphinx-notfound-page", "sphinxcontrib-mermaid", "twisted"]
tests = ["coverage[toml]", "freezegun (>=0.2.8)", "pretend", "pytest (>=6.0)", "pytest-asyncio (>=0.17)", "simplejson"]
typing = ["mypy", "rich", "twisted"]

[metadata]
lock-version = "2.0"
python-versions = "^3.10"
content-hash = "574fb2ccd61cd3c1b330d054ab9cc011cf631ef1fa286a1d958f2b050e918be9"
